// !$*UTF8*$!
{
	archiveVersion = 1;
	classes = {
	};
	objectVersion = 56;
	objects = {

/* Begin PBXBuildFile section */
		A303A3B329C4B901003FA745 /* TitleSupplementaryView.swift in Sources */ = {isa = PBXBuildFile; fileRef = A303A3B229C4B901003FA745 /* TitleSupplementaryView.swift */; };
		A303A3B529C4BC8E003FA745 /* SectionHeadersFootersViewController.swift in Sources */ = {isa = PBXBuildFile; fileRef = A303A3B429C4BC8E003FA745 /* SectionHeadersFootersViewController.swift */; };
		A303A3B729C789C2003FA745 /* PinnedSectionHeaderFooterViewController.swift in Sources */ = {isa = PBXBuildFile; fileRef = A303A3B629C789C2003FA745 /* PinnedSectionHeaderFooterViewController.swift */; };
		A303A3B929C89869003FA745 /* SectionDecorationViewController.swift in Sources */ = {isa = PBXBuildFile; fileRef = A303A3B829C89869003FA745 /* SectionDecorationViewController.swift */; };
		A303A3BB29C89AB8003FA745 /* SectionBackgroundDecorationView.swift in Sources */ = {isa = PBXBuildFile; fileRef = A303A3BA29C89AB8003FA745 /* SectionBackgroundDecorationView.swift */; };
		A303A3BE29C8AFA2003FA745 /* NestedGroupsViewController.swift in Sources */ = {isa = PBXBuildFile; fileRef = A303A3BD29C8AF3D003FA745 /* NestedGroupsViewController.swift */; };
		A303A3C029C8C085003FA745 /* OrthogonalScrollingViewController.swift in Sources */ = {isa = PBXBuildFile; fileRef = A303A3BF29C8C085003FA745 /* OrthogonalScrollingViewController.swift */; };
		A303A3C229C8C54B003FA745 /* OrthogonalScrollBehaviorViewController.swift in Sources */ = {isa = PBXBuildFile; fileRef = A303A3C129C8C54B003FA745 /* OrthogonalScrollBehaviorViewController.swift */; };
		A303A3C729CA6DCE003FA745 /* MountainsViewController.swift in Sources */ = {isa = PBXBuildFile; fileRef = A303A3C629CA6DCE003FA745 /* MountainsViewController.swift */; };
		A303A3C929CB4E64003FA745 /* MountainsRawData.swift in Sources */ = {isa = PBXBuildFile; fileRef = A303A3C829CB4E64003FA745 /* MountainsRawData.swift */; };
		A303A3CB29CB4E8D003FA745 /* MountainsController.swift in Sources */ = {isa = PBXBuildFile; fileRef = A303A3CA29CB4E8D003FA745 /* MountainsController.swift */; };
		A303A3CD29CE62DD003FA745 /* LabelCell.swift in Sources */ = {isa = PBXBuildFile; fileRef = A303A3CC29CE62DD003FA745 /* LabelCell.swift */; };
		A33AF3D429BFD2D600EA897B /* AdaptiveSectionsViewController.swift in Sources */ = {isa = PBXBuildFile; fileRef = A33AF3D329BFD2D600EA897B /* AdaptiveSectionsViewController.swift */; };
		A33AF3D629C0C93C00EA897B /* ItemBadgeSupplementaryViewController.swift in Sources */ = {isa = PBXBuildFile; fileRef = A33AF3D529C0C93C00EA897B /* ItemBadgeSupplementaryViewController.swift */; };
		A33AF3D829C2125400EA897B /* BadgeSupplementaryView.swift in Sources */ = {isa = PBXBuildFile; fileRef = A33AF3D729C2125300EA897B /* BadgeSupplementaryView.swift */; };
		A33AF3DA29C218E900EA897B /* UILayoutPriority+Constants.swift in Sources */ = {isa = PBXBuildFile; fileRef = A33AF3D929C218E900EA897B /* UILayoutPriority+Constants.swift */; };
		A36C95AD29DB12F0003988F1 /* WiFiSettingsViewController.swift in Sources */ = {isa = PBXBuildFile; fileRef = A36C95AC29DB12F0003988F1 /* WiFiSettingsViewController.swift */; };
		A36C95AF29DB1341003988F1 /* WiFiController.swift in Sources */ = {isa = PBXBuildFile; fileRef = A36C95AE29DB1341003988F1 /* WiFiController.swift */; };
		A37E8CCC29E338AE00677485 /* ListAppearancesViewController.swift in Sources */ = {isa = PBXBuildFile; fileRef = A37E8CCB29E338AE00677485 /* ListAppearancesViewController.swift */; };
		A37E8CCE29E6FAB300677485 /* CustomCellListViewController.swift in Sources */ = {isa = PBXBuildFile; fileRef = A37E8CCD29E6FAB300677485 /* CustomCellListViewController.swift */; };
		A37E8CD029E6FBF300677485 /* CustomCellListViewController+Types.swift in Sources */ = {isa = PBXBuildFile; fileRef = A37E8CCF29E6FBF300677485 /* CustomCellListViewController+Types.swift */; };
		A37E8CD229E7082600677485 /* CustomCellListViewController+CustomListCell.swift in Sources */ = {isa = PBXBuildFile; fileRef = A37E8CD129E7082600677485 /* CustomCellListViewController+CustomListCell.swift */; };
		A3B041A429BA472100ADCB86 /* AppDelegate.swift in Sources */ = {isa = PBXBuildFile; fileRef = A3B041A329BA472100ADCB86 /* AppDelegate.swift */; };
		A3B041A629BA472100ADCB86 /* SceneDelegate.swift in Sources */ = {isa = PBXBuildFile; fileRef = A3B041A529BA472100ADCB86 /* SceneDelegate.swift */; };
		A3B041AD29BA472100ADCB86 /* Assets.xcassets in Resources */ = {isa = PBXBuildFile; fileRef = A3B041AC29BA472100ADCB86 /* Assets.xcassets */; };
		A3B041B029BA472100ADCB86 /* LaunchScreen.storyboard in Resources */ = {isa = PBXBuildFile; fileRef = A3B041AE29BA472100ADCB86 /* LaunchScreen.storyboard */; };
		A3B041B829BA47A300ADCB86 /* OutlineViewController.swift in Sources */ = {isa = PBXBuildFile; fileRef = A3B041B729BA47A300ADCB86 /* OutlineViewController.swift */; };
		A3B041BD29BA480600ADCB86 /* UIView+Preview.swift in Sources */ = {isa = PBXBuildFile; fileRef = A3B041BA29BA480600ADCB86 /* UIView+Preview.swift */; };
		A3B041BE29BA480600ADCB86 /* UIViewController+Preview.swift in Sources */ = {isa = PBXBuildFile; fileRef = A3B041BB29BA480600ADCB86 /* UIViewController+Preview.swift */; };
		A3B041BF29BA480600ADCB86 /* ConstraintConsts.swift in Sources */ = {isa = PBXBuildFile; fileRef = A3B041BC29BA480600ADCB86 /* ConstraintConsts.swift */; };
		A3B041C229BA499E00ADCB86 /* TwoColumnViewController.swift in Sources */ = {isa = PBXBuildFile; fileRef = A3B041C129BA499E00ADCB86 /* TwoColumnViewController.swift */; };
		A3B041C529BB880700ADCB86 /* TextCell.swift in Sources */ = {isa = PBXBuildFile; fileRef = A3B041C429BB880700ADCB86 /* TextCell.swift */; };
		A3EFEAD029BC204A007F7299 /* GridViewController.swift in Sources */ = {isa = PBXBuildFile; fileRef = A3EFEACF29BC204A007F7299 /* GridViewController.swift */; };
		A3EFEAD229BCD540007F7299 /* DistinctSectionsViewController.swift in Sources */ = {isa = PBXBuildFile; fileRef = A3EFEAD129BCD540007F7299 /* DistinctSectionsViewController.swift */; };
		A3EFEAD429BCFB32007F7299 /* ListCell.swift in Sources */ = {isa = PBXBuildFile; fileRef = A3EFEAD329BCFB32007F7299 /* ListCell.swift */; };
/* End PBXBuildFile section */

/* Begin PBXFileReference section */
		A303A3B229C4B901003FA745 /* TitleSupplementaryView.swift */ = {isa = PBXFileReference; lastKnownFileType = sourcecode.swift; path = TitleSupplementaryView.swift; sourceTree = "<group>"; };
		A303A3B429C4BC8E003FA745 /* SectionHeadersFootersViewController.swift */ = {isa = PBXFileReference; lastKnownFileType = sourcecode.swift; path = SectionHeadersFootersViewController.swift; sourceTree = "<group>"; };
		A303A3B629C789C2003FA745 /* PinnedSectionHeaderFooterViewController.swift */ = {isa = PBXFileReference; lastKnownFileType = sourcecode.swift; path = PinnedSectionHeaderFooterViewController.swift; sourceTree = "<group>"; };
		A303A3B829C89869003FA745 /* SectionDecorationViewController.swift */ = {isa = PBXFileReference; lastKnownFileType = sourcecode.swift; path = SectionDecorationViewController.swift; sourceTree = "<group>"; };
		A303A3BA29C89AB8003FA745 /* SectionBackgroundDecorationView.swift */ = {isa = PBXFileReference; lastKnownFileType = sourcecode.swift; path = SectionBackgroundDecorationView.swift; sourceTree = "<group>"; };
		A303A3BD29C8AF3D003FA745 /* NestedGroupsViewController.swift */ = {isa = PBXFileReference; lastKnownFileType = sourcecode.swift; path = NestedGroupsViewController.swift; sourceTree = "<group>"; };
		A303A3BF29C8C085003FA745 /* OrthogonalScrollingViewController.swift */ = {isa = PBXFileReference; lastKnownFileType = sourcecode.swift; path = OrthogonalScrollingViewController.swift; sourceTree = "<group>"; };
		A303A3C129C8C54B003FA745 /* OrthogonalScrollBehaviorViewController.swift */ = {isa = PBXFileReference; lastKnownFileType = sourcecode.swift; path = OrthogonalScrollBehaviorViewController.swift; sourceTree = "<group>"; };
		A303A3C629CA6DCE003FA745 /* MountainsViewController.swift */ = {isa = PBXFileReference; lastKnownFileType = sourcecode.swift; path = MountainsViewController.swift; sourceTree = "<group>"; };
		A303A3C829CB4E64003FA745 /* MountainsRawData.swift */ = {isa = PBXFileReference; lastKnownFileType = sourcecode.swift; path = MountainsRawData.swift; sourceTree = "<group>"; };
		A303A3CA29CB4E8D003FA745 /* MountainsController.swift */ = {isa = PBXFileReference; lastKnownFileType = sourcecode.swift; path = MountainsController.swift; sourceTree = "<group>"; };
		A303A3CC29CE62DD003FA745 /* LabelCell.swift */ = {isa = PBXFileReference; lastKnownFileType = sourcecode.swift; path = LabelCell.swift; sourceTree = "<group>"; };
		A33AF3D329BFD2D600EA897B /* AdaptiveSectionsViewController.swift */ = {isa = PBXFileReference; lastKnownFileType = sourcecode.swift; path = AdaptiveSectionsViewController.swift; sourceTree = "<group>"; };
		A33AF3D529C0C93C00EA897B /* ItemBadgeSupplementaryViewController.swift */ = {isa = PBXFileReference; lastKnownFileType = sourcecode.swift; path = ItemBadgeSupplementaryViewController.swift; sourceTree = "<group>"; };
		A33AF3D729C2125300EA897B /* BadgeSupplementaryView.swift */ = {isa = PBXFileReference; lastKnownFileType = sourcecode.swift; path = BadgeSupplementaryView.swift; sourceTree = "<group>"; };
		A33AF3D929C218E900EA897B /* UILayoutPriority+Constants.swift */ = {isa = PBXFileReference; fileEncoding = 4; lastKnownFileType = sourcecode.swift; path = "UILayoutPriority+Constants.swift"; sourceTree = "<group>"; };
		A36C95AC29DB12F0003988F1 /* WiFiSettingsViewController.swift */ = {isa = PBXFileReference; lastKnownFileType = sourcecode.swift; path = WiFiSettingsViewController.swift; sourceTree = "<group>"; };
		A36C95AE29DB1341003988F1 /* WiFiController.swift */ = {isa = PBXFileReference; lastKnownFileType = sourcecode.swift; path = WiFiController.swift; sourceTree = "<group>"; };
		A37E8CCB29E338AE00677485 /* ListAppearancesViewController.swift */ = {isa = PBXFileReference; lastKnownFileType = sourcecode.swift; path = ListAppearancesViewController.swift; sourceTree = "<group>"; };
		A37E8CCD29E6FAB300677485 /* CustomCellListViewController.swift */ = {isa = PBXFileReference; lastKnownFileType = sourcecode.swift; path = CustomCellListViewController.swift; sourceTree = "<group>"; };
		A37E8CCF29E6FBF300677485 /* CustomCellListViewController+Types.swift */ = {isa = PBXFileReference; lastKnownFileType = sourcecode.swift; path = "CustomCellListViewController+Types.swift"; sourceTree = "<group>"; };
		A37E8CD129E7082600677485 /* CustomCellListViewController+CustomListCell.swift */ = {isa = PBXFileReference; lastKnownFileType = sourcecode.swift; path = "CustomCellListViewController+CustomListCell.swift"; sourceTree = "<group>"; };
		A3B041A029BA472100ADCB86 /* ModernCollectionViews.app */ = {isa = PBXFileReference; explicitFileType = wrapper.application; includeInIndex = 0; path = ModernCollectionViews.app; sourceTree = BUILT_PRODUCTS_DIR; };
		A3B041A329BA472100ADCB86 /* AppDelegate.swift */ = {isa = PBXFileReference; lastKnownFileType = sourcecode.swift; path = AppDelegate.swift; sourceTree = "<group>"; };
		A3B041A529BA472100ADCB86 /* SceneDelegate.swift */ = {isa = PBXFileReference; lastKnownFileType = sourcecode.swift; path = SceneDelegate.swift; sourceTree = "<group>"; };
		A3B041AC29BA472100ADCB86 /* Assets.xcassets */ = {isa = PBXFileReference; lastKnownFileType = folder.assetcatalog; path = Assets.xcassets; sourceTree = "<group>"; };
		A3B041AF29BA472100ADCB86 /* Base */ = {isa = PBXFileReference; lastKnownFileType = file.storyboard; name = Base; path = Base.lproj/LaunchScreen.storyboard; sourceTree = "<group>"; };
		A3B041B129BA472100ADCB86 /* Info.plist */ = {isa = PBXFileReference; lastKnownFileType = text.plist.xml; path = Info.plist; sourceTree = "<group>"; };
		A3B041B729BA47A300ADCB86 /* OutlineViewController.swift */ = {isa = PBXFileReference; lastKnownFileType = sourcecode.swift; path = OutlineViewController.swift; sourceTree = "<group>"; };
		A3B041BA29BA480600ADCB86 /* UIView+Preview.swift */ = {isa = PBXFileReference; fileEncoding = 4; lastKnownFileType = sourcecode.swift; path = "UIView+Preview.swift"; sourceTree = "<group>"; };
		A3B041BB29BA480600ADCB86 /* UIViewController+Preview.swift */ = {isa = PBXFileReference; fileEncoding = 4; lastKnownFileType = sourcecode.swift; path = "UIViewController+Preview.swift"; sourceTree = "<group>"; };
		A3B041BC29BA480600ADCB86 /* ConstraintConsts.swift */ = {isa = PBXFileReference; fileEncoding = 4; lastKnownFileType = sourcecode.swift; path = ConstraintConsts.swift; sourceTree = "<group>"; };
		A3B041C129BA499E00ADCB86 /* TwoColumnViewController.swift */ = {isa = PBXFileReference; lastKnownFileType = sourcecode.swift; path = TwoColumnViewController.swift; sourceTree = "<group>"; };
		A3B041C429BB880700ADCB86 /* TextCell.swift */ = {isa = PBXFileReference; lastKnownFileType = sourcecode.swift; path = TextCell.swift; sourceTree = "<group>"; };
		A3EFEACF29BC204A007F7299 /* GridViewController.swift */ = {isa = PBXFileReference; lastKnownFileType = sourcecode.swift; path = GridViewController.swift; sourceTree = "<group>"; };
		A3EFEAD129BCD540007F7299 /* DistinctSectionsViewController.swift */ = {isa = PBXFileReference; lastKnownFileType = sourcecode.swift; path = DistinctSectionsViewController.swift; sourceTree = "<group>"; };
		A3EFEAD329BCFB32007F7299 /* ListCell.swift */ = {isa = PBXFileReference; lastKnownFileType = sourcecode.swift; path = ListCell.swift; sourceTree = "<group>"; };
/* End PBXFileReference section */

/* Begin PBXFrameworksBuildPhase section */
		A3B0419D29BA472100ADCB86 /* Frameworks */ = {
			isa = PBXFrameworksBuildPhase;
			buildActionMask = 2147483647;
			files = (
			);
			runOnlyForDeploymentPostprocessing = 0;
		};
/* End PBXFrameworksBuildPhase section */

/* Begin PBXGroup section */
		A303A3BC29C8AEDC003FA745 /* Advanced Layouts View Controllers */ = {
			isa = PBXGroup;
			children = (
				A303A3BD29C8AF3D003FA745 /* NestedGroupsViewController.swift */,
				A303A3BF29C8C085003FA745 /* OrthogonalScrollingViewController.swift */,
				A303A3C129C8C54B003FA745 /* OrthogonalScrollBehaviorViewController.swift */,
			);
			path = "Advanced Layouts View Controllers";
			sourceTree = "<group>";
		};
		A303A3C329CA6D16003FA745 /* Compositional Layout */ = {
			isa = PBXGroup;
			children = (
				A3B041C029BA498C00ADCB86 /* Basics View Controllers */,
				A303A3BC29C8AEDC003FA745 /* Advanced Layouts View Controllers */,
			);
			path = "Compositional Layout";
			sourceTree = "<group>";
		};
		A303A3C429CA6D5F003FA745 /* Diffable */ = {
			isa = PBXGroup;
			children = (
				A303A3C529CA6D74003FA745 /* Cells And Supplementary Views */,
				A303A3C629CA6DCE003FA745 /* MountainsViewController.swift */,
				A303A3CA29CB4E8D003FA745 /* MountainsController.swift */,
				A303A3C829CB4E64003FA745 /* MountainsRawData.swift */,
				A36C95AC29DB12F0003988F1 /* WiFiSettingsViewController.swift */,
				A36C95AE29DB1341003988F1 /* WiFiController.swift */,
			);
			path = Diffable;
			sourceTree = "<group>";
		};
		A303A3C529CA6D74003FA745 /* Cells And Supplementary Views */ = {
			isa = PBXGroup;
			children = (
				A303A3CC29CE62DD003FA745 /* LabelCell.swift */,
			);
			path = "Cells And Supplementary Views";
			sourceTree = "<group>";
		};
		A37E8CCA29E3388400677485 /* Lists */ = {
			isa = PBXGroup;
			children = (
				A37E8CCB29E338AE00677485 /* ListAppearancesViewController.swift */,
				A37E8CCD29E6FAB300677485 /* CustomCellListViewController.swift */,
				A37E8CCF29E6FBF300677485 /* CustomCellListViewController+Types.swift */,
				A37E8CD129E7082600677485 /* CustomCellListViewController+CustomListCell.swift */,
			);
			path = Lists;
			sourceTree = "<group>";
		};
		A3B0419729BA472100ADCB86 = {
			isa = PBXGroup;
			children = (
				A3B041A229BA472100ADCB86 /* ModernCollectionViews */,
				A3B041A129BA472100ADCB86 /* Products */,
			);
			sourceTree = "<group>";
		};
		A3B041A129BA472100ADCB86 /* Products */ = {
			isa = PBXGroup;
			children = (
				A3B041A029BA472100ADCB86 /* ModernCollectionViews.app */,
			);
			name = Products;
			sourceTree = "<group>";
		};
		A3B041A229BA472100ADCB86 /* ModernCollectionViews */ = {
			isa = PBXGroup;
			children = (
				A3B041B929BA47D900ADCB86 /* Models */,
				A303A3C329CA6D16003FA745 /* Compositional Layout */,
				A303A3C429CA6D5F003FA745 /* Diffable */,
				A37E8CCA29E3388400677485 /* Lists */,
				A3B041C329BB87BB00ADCB86 /* Cells and Supplementary Views */,
				A3B041A329BA472100ADCB86 /* AppDelegate.swift */,
				A3B041A529BA472100ADCB86 /* SceneDelegate.swift */,
				A3B041B729BA47A300ADCB86 /* OutlineViewController.swift */,
				A3B041AC29BA472100ADCB86 /* Assets.xcassets */,
				A3B041AE29BA472100ADCB86 /* LaunchScreen.storyboard */,
				A3B041B129BA472100ADCB86 /* Info.plist */,
			);
			path = ModernCollectionViews;
			sourceTree = "<group>";
		};
		A3B041B929BA47D900ADCB86 /* Models */ = {
			isa = PBXGroup;
			children = (
				A3B041BC29BA480600ADCB86 /* ConstraintConsts.swift */,
				A3B041BA29BA480600ADCB86 /* UIView+Preview.swift */,
				A3B041BB29BA480600ADCB86 /* UIViewController+Preview.swift */,
				A33AF3D929C218E900EA897B /* UILayoutPriority+Constants.swift */,
			);
			path = Models;
			sourceTree = "<group>";
		};
		A3B041C029BA498C00ADCB86 /* Basics View Controllers */ = {
			isa = PBXGroup;
			children = (
				A3EFEACF29BC204A007F7299 /* GridViewController.swift */,
				A3B041C129BA499E00ADCB86 /* TwoColumnViewController.swift */,
				A33AF3D329BFD2D600EA897B /* AdaptiveSectionsViewController.swift */,
				A3EFEAD129BCD540007F7299 /* DistinctSectionsViewController.swift */,
				A33AF3D529C0C93C00EA897B /* ItemBadgeSupplementaryViewController.swift */,
				A303A3B429C4BC8E003FA745 /* SectionHeadersFootersViewController.swift */,
				A303A3B629C789C2003FA745 /* PinnedSectionHeaderFooterViewController.swift */,
				A303A3B829C89869003FA745 /* SectionDecorationViewController.swift */,
			);
			path = "Basics View Controllers";
			sourceTree = "<group>";
		};
		A3B041C329BB87BB00ADCB86 /* Cells and Supplementary Views */ = {
			isa = PBXGroup;
			children = (
				A3EFEAD329BCFB32007F7299 /* ListCell.swift */,
				A33AF3D729C2125300EA897B /* BadgeSupplementaryView.swift */,
				A3B041C429BB880700ADCB86 /* TextCell.swift */,
				A303A3B229C4B901003FA745 /* TitleSupplementaryView.swift */,
				A303A3BA29C89AB8003FA745 /* SectionBackgroundDecorationView.swift */,
			);
			path = "Cells and Supplementary Views";
			sourceTree = "<group>";
		};
/* End PBXGroup section */

/* Begin PBXNativeTarget section */
		A3B0419F29BA472100ADCB86 /* ModernCollectionViews */ = {
			isa = PBXNativeTarget;
			buildConfigurationList = A3B041B429BA472100ADCB86 /* Build configuration list for PBXNativeTarget "ModernCollectionViews" */;
			buildPhases = (
				A3B0419C29BA472100ADCB86 /* Sources */,
				A3B0419D29BA472100ADCB86 /* Frameworks */,
				A3B0419E29BA472100ADCB86 /* Resources */,
			);
			buildRules = (
			);
			dependencies = (
			);
			name = ModernCollectionViews;
			productName = ModernCollectionViews;
			productReference = A3B041A029BA472100ADCB86 /* ModernCollectionViews.app */;
			productType = "com.apple.product-type.application";
		};
/* End PBXNativeTarget section */

/* Begin PBXProject section */
		A3B0419829BA472100ADCB86 /* Project object */ = {
			isa = PBXProject;
			attributes = {
				BuildIndependentTargetsInParallel = 1;
				LastSwiftUpdateCheck = 1420;
				LastUpgradeCheck = 1420;
				TargetAttributes = {
					A3B0419F29BA472100ADCB86 = {
						CreatedOnToolsVersion = 14.2;
					};
				};
			};
			buildConfigurationList = A3B0419B29BA472100ADCB86 /* Build configuration list for PBXProject "ModernCollectionViews" */;
			compatibilityVersion = "Xcode 14.0";
			developmentRegion = en;
			hasScannedForEncodings = 0;
			knownRegions = (
				en,
				Base,
			);
			mainGroup = A3B0419729BA472100ADCB86;
			productRefGroup = A3B041A129BA472100ADCB86 /* Products */;
			projectDirPath = "";
			projectRoot = "";
			targets = (
				A3B0419F29BA472100ADCB86 /* ModernCollectionViews */,
			);
		};
/* End PBXProject section */

/* Begin PBXResourcesBuildPhase section */
		A3B0419E29BA472100ADCB86 /* Resources */ = {
			isa = PBXResourcesBuildPhase;
			buildActionMask = 2147483647;
			files = (
				A3B041B029BA472100ADCB86 /* LaunchScreen.storyboard in Resources */,
				A3B041AD29BA472100ADCB86 /* Assets.xcassets in Resources */,
			);
			runOnlyForDeploymentPostprocessing = 0;
		};
/* End PBXResourcesBuildPhase section */

/* Begin PBXSourcesBuildPhase section */
		A3B0419C29BA472100ADCB86 /* Sources */ = {
			isa = PBXSourcesBuildPhase;
			buildActionMask = 2147483647;
			files = (
				A303A3BE29C8AFA2003FA745 /* NestedGroupsViewController.swift in Sources */,
				A33AF3D429BFD2D600EA897B /* AdaptiveSectionsViewController.swift in Sources */,
				A33AF3D829C2125400EA897B /* BadgeSupplementaryView.swift in Sources */,
				A3B041B829BA47A300ADCB86 /* OutlineViewController.swift in Sources */,
				A3B041BF29BA480600ADCB86 /* ConstraintConsts.swift in Sources */,
				A303A3B929C89869003FA745 /* SectionDecorationViewController.swift in Sources */,
				A3EFEAD229BCD540007F7299 /* DistinctSectionsViewController.swift in Sources */,
				A303A3CD29CE62DD003FA745 /* LabelCell.swift in Sources */,
				A3B041A429BA472100ADCB86 /* AppDelegate.swift in Sources */,
				A33AF3DA29C218E900EA897B /* UILayoutPriority+Constants.swift in Sources */,
				A303A3BB29C89AB8003FA745 /* SectionBackgroundDecorationView.swift in Sources */,
				A3B041C229BA499E00ADCB86 /* TwoColumnViewController.swift in Sources */,
				A303A3C029C8C085003FA745 /* OrthogonalScrollingViewController.swift in Sources */,
				A303A3B529C4BC8E003FA745 /* SectionHeadersFootersViewController.swift in Sources */,
				A303A3C929CB4E64003FA745 /* MountainsRawData.swift in Sources */,
				A3EFEAD429BCFB32007F7299 /* ListCell.swift in Sources */,
				A36C95AD29DB12F0003988F1 /* WiFiSettingsViewController.swift in Sources */,
				A3B041BE29BA480600ADCB86 /* UIViewController+Preview.swift in Sources */,
				A3B041BD29BA480600ADCB86 /* UIView+Preview.swift in Sources */,
				A37E8CCE29E6FAB300677485 /* CustomCellListViewController.swift in Sources */,
				A303A3C229C8C54B003FA745 /* OrthogonalScrollBehaviorViewController.swift in Sources */,
				A303A3CB29CB4E8D003FA745 /* MountainsController.swift in Sources */,
				A33AF3D629C0C93C00EA897B /* ItemBadgeSupplementaryViewController.swift in Sources */,
				A3EFEAD029BC204A007F7299 /* GridViewController.swift in Sources */,
				A303A3B329C4B901003FA745 /* TitleSupplementaryView.swift in Sources */,
				A37E8CD029E6FBF300677485 /* CustomCellListViewController+Types.swift in Sources */,
				A3B041C529BB880700ADCB86 /* TextCell.swift in Sources */,
				A303A3C729CA6DCE003FA745 /* MountainsViewController.swift in Sources */,
				A37E8CCC29E338AE00677485 /* ListAppearancesViewController.swift in Sources */,
				A303A3B729C789C2003FA745 /* PinnedSectionHeaderFooterViewController.swift in Sources */,
				A3B041A629BA472100ADCB86 /* SceneDelegate.swift in Sources */,
				A36C95AF29DB1341003988F1 /* WiFiController.swift in Sources */,
				A37E8CD229E7082600677485 /* CustomCellListViewController+CustomListCell.swift in Sources */,
			);
			runOnlyForDeploymentPostprocessing = 0;
		};
/* End PBXSourcesBuildPhase section */

/* Begin PBXVariantGroup section */
		A3B041AE29BA472100ADCB86 /* LaunchScreen.storyboard */ = {
			isa = PBXVariantGroup;
			children = (
				A3B041AF29BA472100ADCB86 /* Base */,
			);
			name = LaunchScreen.storyboard;
			sourceTree = "<group>";
		};
/* End PBXVariantGroup section */

/* Begin XCBuildConfiguration section */
		A3B041B229BA472100ADCB86 /* Debug */ = {
			isa = XCBuildConfiguration;
			buildSettings = {
				ALWAYS_SEARCH_USER_PATHS = NO;
				CLANG_ANALYZER_NONNULL = YES;
				CLANG_ANALYZER_NUMBER_OBJECT_CONVERSION = YES_AGGRESSIVE;
				CLANG_CXX_LANGUAGE_STANDARD = "gnu++20";
				CLANG_ENABLE_MODULES = YES;
				CLANG_ENABLE_OBJC_ARC = YES;
				CLANG_ENABLE_OBJC_WEAK = YES;
				CLANG_WARN_BLOCK_CAPTURE_AUTORELEASING = YES;
				CLANG_WARN_BOOL_CONVERSION = YES;
				CLANG_WARN_COMMA = YES;
				CLANG_WARN_CONSTANT_CONVERSION = YES;
				CLANG_WARN_DEPRECATED_OBJC_IMPLEMENTATIONS = YES;
				CLANG_WARN_DIRECT_OBJC_ISA_USAGE = YES_ERROR;
				CLANG_WARN_DOCUMENTATION_COMMENTS = YES;
				CLANG_WARN_EMPTY_BODY = YES;
				CLANG_WARN_ENUM_CONVERSION = YES;
				CLANG_WARN_INFINITE_RECURSION = YES;
				CLANG_WARN_INT_CONVERSION = YES;
				CLANG_WARN_NON_LITERAL_NULL_CONVERSION = YES;
				CLANG_WARN_OBJC_IMPLICIT_RETAIN_SELF = YES;
				CLANG_WARN_OBJC_LITERAL_CONVERSION = YES;
				CLANG_WARN_OBJC_ROOT_CLASS = YES_ERROR;
				CLANG_WARN_QUOTED_INCLUDE_IN_FRAMEWORK_HEADER = YES;
				CLANG_WARN_RANGE_LOOP_ANALYSIS = YES;
				CLANG_WARN_STRICT_PROTOTYPES = YES;
				CLANG_WARN_SUSPICIOUS_MOVE = YES;
				CLANG_WARN_UNGUARDED_AVAILABILITY = YES_AGGRESSIVE;
				CLANG_WARN_UNREACHABLE_CODE = YES;
				CLANG_WARN__DUPLICATE_METHOD_MATCH = YES;
				COPY_PHASE_STRIP = NO;
				DEBUG_INFORMATION_FORMAT = dwarf;
				ENABLE_STRICT_OBJC_MSGSEND = YES;
				ENABLE_TESTABILITY = YES;
				GCC_C_LANGUAGE_STANDARD = gnu11;
				GCC_DYNAMIC_NO_PIC = NO;
				GCC_NO_COMMON_BLOCKS = YES;
				GCC_OPTIMIZATION_LEVEL = 0;
				GCC_PREPROCESSOR_DEFINITIONS = (
					"DEBUG=1",
					"$(inherited)",
				);
				GCC_WARN_64_TO_32_BIT_CONVERSION = YES;
				GCC_WARN_ABOUT_RETURN_TYPE = YES_ERROR;
				GCC_WARN_UNDECLARED_SELECTOR = YES;
				GCC_WARN_UNINITIALIZED_AUTOS = YES_AGGRESSIVE;
				GCC_WARN_UNUSED_FUNCTION = YES;
				GCC_WARN_UNUSED_VARIABLE = YES;
				IPHONEOS_DEPLOYMENT_TARGET = 16.4;
				MTL_ENABLE_DEBUG_INFO = INCLUDE_SOURCE;
				MTL_FAST_MATH = YES;
				ONLY_ACTIVE_ARCH = YES;
				SDKROOT = iphoneos;
				SWIFT_ACTIVE_COMPILATION_CONDITIONS = DEBUG;
				SWIFT_OPTIMIZATION_LEVEL = "-Onone";
			};
			name = Debug;
		};
		A3B041B329BA472100ADCB86 /* Release */ = {
			isa = XCBuildConfiguration;
			buildSettings = {
				ALWAYS_SEARCH_USER_PATHS = NO;
				CLANG_ANALYZER_NONNULL = YES;
				CLANG_ANALYZER_NUMBER_OBJECT_CONVERSION = YES_AGGRESSIVE;
				CLANG_CXX_LANGUAGE_STANDARD = "gnu++20";
				CLANG_ENABLE_MODULES = YES;
				CLANG_ENABLE_OBJC_ARC = YES;
				CLANG_ENABLE_OBJC_WEAK = YES;
				CLANG_WARN_BLOCK_CAPTURE_AUTORELEASING = YES;
				CLANG_WARN_BOOL_CONVERSION = YES;
				CLANG_WARN_COMMA = YES;
				CLANG_WARN_CONSTANT_CONVERSION = YES;
				CLANG_WARN_DEPRECATED_OBJC_IMPLEMENTATIONS = YES;
				CLANG_WARN_DIRECT_OBJC_ISA_USAGE = YES_ERROR;
				CLANG_WARN_DOCUMENTATION_COMMENTS = YES;
				CLANG_WARN_EMPTY_BODY = YES;
				CLANG_WARN_ENUM_CONVERSION = YES;
				CLANG_WARN_INFINITE_RECURSION = YES;
				CLANG_WARN_INT_CONVERSION = YES;
				CLANG_WARN_NON_LITERAL_NULL_CONVERSION = YES;
				CLANG_WARN_OBJC_IMPLICIT_RETAIN_SELF = YES;
				CLANG_WARN_OBJC_LITERAL_CONVERSION = YES;
				CLANG_WARN_OBJC_ROOT_CLASS = YES_ERROR;
				CLANG_WARN_QUOTED_INCLUDE_IN_FRAMEWORK_HEADER = YES;
				CLANG_WARN_RANGE_LOOP_ANALYSIS = YES;
				CLANG_WARN_STRICT_PROTOTYPES = YES;
				CLANG_WARN_SUSPICIOUS_MOVE = YES;
				CLANG_WARN_UNGUARDED_AVAILABILITY = YES_AGGRESSIVE;
				CLANG_WARN_UNREACHABLE_CODE = YES;
				CLANG_WARN__DUPLICATE_METHOD_MATCH = YES;
				COPY_PHASE_STRIP = NO;
				DEBUG_INFORMATION_FORMAT = "dwarf-with-dsym";
				ENABLE_NS_ASSERTIONS = NO;
				ENABLE_STRICT_OBJC_MSGSEND = YES;
				GCC_C_LANGUAGE_STANDARD = gnu11;
				GCC_NO_COMMON_BLOCKS = YES;
				GCC_WARN_64_TO_32_BIT_CONVERSION = YES;
				GCC_WARN_ABOUT_RETURN_TYPE = YES_ERROR;
				GCC_WARN_UNDECLARED_SELECTOR = YES;
				GCC_WARN_UNINITIALIZED_AUTOS = YES_AGGRESSIVE;
				GCC_WARN_UNUSED_FUNCTION = YES;
				GCC_WARN_UNUSED_VARIABLE = YES;
				IPHONEOS_DEPLOYMENT_TARGET = 16.4;
				MTL_ENABLE_DEBUG_INFO = NO;
				MTL_FAST_MATH = YES;
				SDKROOT = iphoneos;
				SWIFT_COMPILATION_MODE = wholemodule;
				SWIFT_OPTIMIZATION_LEVEL = "-O";
				VALIDATE_PRODUCT = YES;
			};
			name = Release;
		};
		A3B041B529BA472100ADCB86 /* Debug */ = {
			isa = XCBuildConfiguration;
			buildSettings = {
				ASSETCATALOG_COMPILER_APPICON_NAME = AppIcon;
				ASSETCATALOG_COMPILER_GLOBAL_ACCENT_COLOR_NAME = AccentColor;
				CODE_SIGN_STYLE = Automatic;
				CURRENT_PROJECT_VERSION = 1;
				DEVELOPMENT_TEAM = XA84Z9Z2T7;
				GENERATE_INFOPLIST_FILE = YES;
				INFOPLIST_FILE = ModernCollectionViews/Info.plist;
				INFOPLIST_KEY_UIApplicationSupportsIndirectInputEvents = YES;
				INFOPLIST_KEY_UILaunchStoryboardName = LaunchScreen;
				INFOPLIST_KEY_UISupportedInterfaceOrientations_iPad = "UIInterfaceOrientationPortrait UIInterfaceOrientationPortraitUpsideDown UIInterfaceOrientationLandscapeLeft UIInterfaceOrientationLandscapeRight";
				INFOPLIST_KEY_UISupportedInterfaceOrientations_iPhone = "UIInterfaceOrientationPortrait UIInterfaceOrientationLandscapeLeft UIInterfaceOrientationLandscapeRight";
				LD_RUNPATH_SEARCH_PATHS = (
					"$(inherited)",
					"@executable_path/Frameworks",
				);
				MARKETING_VERSION = 1.0;
				PRODUCT_BUNDLE_IDENTIFIER = com.bijansoft.ModernCollectionViews;
				PRODUCT_NAME = "$(TARGET_NAME)";
				SWIFT_EMIT_LOC_STRINGS = YES;
				SWIFT_VERSION = 5.0;
				TARGETED_DEVICE_FAMILY = "1,2";
			};
			name = Debug;
		};
		A3B041B629BA472100ADCB86 /* Release */ = {
			isa = XCBuildConfiguration;
			buildSettings = {
				ASSETCATALOG_COMPILER_APPICON_NAME = AppIcon;
				ASSETCATALOG_COMPILER_GLOBAL_ACCENT_COLOR_NAME = AccentColor;
				CODE_SIGN_STYLE = Automatic;
				CURRENT_PROJECT_VERSION = 1;
				DEVELOPMENT_TEAM = XA84Z9Z2T7;
				GENERATE_INFOPLIST_FILE = YES;
				INFOPLIST_FILE = ModernCollectionViews/Info.plist;
				INFOPLIST_KEY_UIApplicationSupportsIndirectInputEvents = YES;
				INFOPLIST_KEY_UILaunchStoryboardName = LaunchScreen;
				INFOPLIST_KEY_UISupportedInterfaceOrientations_iPad = "UIInterfaceOrientationPortrait UIInterfaceOrientationPortraitUpsideDown UIInterfaceOrientationLandscapeLeft UIInterfaceOrientationLandscapeRight";
				INFOPLIST_KEY_UISupportedInterfaceOrientations_iPhone = "UIInterfaceOrientationPortrait UIInterfaceOrientationLandscapeLeft UIInterfaceOrientationLandscapeRight";
				LD_RUNPATH_SEARCH_PATHS = (
					"$(inherited)",
					"@executable_path/Frameworks",
				);
				MARKETING_VERSION = 1.0;
				PRODUCT_BUNDLE_IDENTIFIER = com.bijansoft.ModernCollectionViews;
				PRODUCT_NAME = "$(TARGET_NAME)";
				SWIFT_EMIT_LOC_STRINGS = YES;
				SWIFT_VERSION = 5.0;
				TARGETED_DEVICE_FAMILY = "1,2";
			};
			name = Release;
		};
/* End XCBuildConfiguration section */

/* Begin XCConfigurationList section */
		A3B0419B29BA472100ADCB86 /* Build configuration list for PBXProject "ModernCollectionViews" */ = {
			isa = XCConfigurationList;
			buildConfigurations = (
				A3B041B229BA472100ADCB86 /* Debug */,
				A3B041B329BA472100ADCB86 /* Release */,
			);
			defaultConfigurationIsVisible = 0;
			defaultConfigurationName = Release;
		};
		A3B041B429BA472100ADCB86 /* Build configuration list for PBXNativeTarget "ModernCollectionViews" */ = {
			isa = XCConfigurationList;
			buildConfigurations = (
				A3B041B529BA472100ADCB86 /* Debug */,
				A3B041B629BA472100ADCB86 /* Release */,
			);
			defaultConfigurationIsVisible = 0;
			defaultConfigurationName = Release;
		};
/* End XCConfigurationList section */
	};
	rootObject = A3B0419829BA472100ADCB86 /* Project object */;
}
